
Microsoft Visual Studio Solution File, Format Version 12.00
# Visual Studio 15
VisualStudioVersion = 15.0.28307.572
MinimumVisualStudioVersion = 10.0.40219.1
Project("{FAE04EC0-301F-11D3-BF4B-00C04F79EFBC}") = "Site", "Livro.View\Site.csproj", "{D54D97A6-2956-44E5-A5AF-F17CE709EB2B}"
EndProject
Project("{FAE04EC0-301F-11D3-BF4B-00C04F79EFBC}") = "Livro.Model", "Livro.Model\Livro.Model.csproj", "{A327E317-8191-4423-B91C-943F7F49F54D}"
EndProject
Global
	GlobalSection(SolutionConfigurationPlatforms) = preSolution
		Debug|Any CPU = Debug|Any CPU
		Release|Any CPU = Release|Any CPU
	EndGlobalSection
	GlobalSection(ProjectConfigurationPlatforms) = postSolution
		{D54D97A6-2956-44E5-A5AF-F17CE709EB2B}.Debug|Any CPU.ActiveCfg = Debug|Any CPU
		{D54D97A6-2956-44E5-A5AF-F17CE709EB2B}.Debug|Any CPU.Build.0 = Debug|Any CPU
		{D54D97A6-2956-44E5-A5AF-F17CE709EB2B}.Release|Any CPU.ActiveCfg = Release|Any CPU
		{D54D97A6-2956-44E5-A5AF-F17CE709EB2B}.Release|Any CPU.Build.0 = Release|Any CPU
		{A327E317-8191-4423-B91C-943F7F49F54D}.Debug|Any CPU.ActiveCfg = Debug|Any CPU
		{A327E317-8191-4423-B91C-943F7F49F54D}.Debug|Any CPU.Build.0 = Debug|Any CPU
		{A327E317-8191-4423-B91C-943F7F49F54D}.Release|Any CPU.ActiveCfg = Release|Any CPU
		{A327E317-8191-4423-B91C-943F7F49F54D}.Release|Any CPU.Build.0 = Release|Any CPU
	EndGlobalSection
	GlobalSection(SolutionProperties) = preSolution
		HideSolutionNode = FALSE
	EndGlobalSection
	GlobalSection(ExtensibilityGlobals) = postSolution
		SolutionGuid = {FF1265EB-F7BC-4CCC-840C-F9842E199AFF}
	EndGlobalSection
EndGlobal
